
Microsoft Visual Studio Solution File, Format Version 12.00
# Visual Studio Version 16
VisualStudioVersion = 16.0.30804.86
MinimumVisualStudioVersion = 10.0.40219.1
Project("{FAE04EC0-301F-11D3-BF4B-00C04F79EFBC}") = "FileInfoMethod", "FileInfoMethod\FileInfoMethod.csproj", "{03250DA4-4BA0-466C-949C-E24992A2711A}"
EndProject
Global
	GlobalSection(SolutionConfigurationPlatforms) = preSolution
		Debug|Any CPU = Debug|Any CPU
		Release|Any CPU = Release|Any CPU
	EndGlobalSection
	GlobalSection(ProjectConfigurationPlatforms) = postSolution
		{03250DA4-4BA0-466C-949C-E24992A2711A}.Debug|Any CPU.ActiveCfg = Debug|Any CPU
		{03250DA4-4BA0-466C-949C-E24992A2711A}.Debug|Any CPU.Build.0 = Debug|Any CPU
		{03250DA4-4BA0-466C-949C-E24992A2711A}.Release|Any CPU.ActiveCfg = Release|Any CPU
		{03250DA4-4BA0-466C-949C-E24992A2711A}.Release|Any CPU.Build.0 = Release|Any CPU
	EndGlobalSection
	GlobalSection(SolutionProperties) = preSolution
		HideSolutionNode = FALSE
	EndGlobalSection
	GlobalSection(ExtensibilityGlobals) = postSolution
		SolutionGuid = {6494D512-CDC9-4DAE-8A0F-D75ECC2BCF5C}
	EndGlobalSection
EndGlobal
